
Microsoft Visual Studio Solution File, Format Version 12.00
# Visual Studio Version 17
VisualStudioVersion = 17.3.32901.215
MinimumVisualStudioVersion = 10.0.40219.1
Project("{FAE04EC0-301F-11D3-BF4B-00C04F79EFBC}") = "store-management", "store-management\store-management.csproj", "{A766C955-06C7-4E7A-A86F-359B707E378E}"
EndProject
Global
	GlobalSection(SolutionConfigurationPlatforms) = preSolution
		Debug|Any CPU = Debug|Any CPU
		Release|Any CPU = Release|Any CPU
	EndGlobalSection
	GlobalSection(ProjectConfigurationPlatforms) = postSolution
		{A766C955-06C7-4E7A-A86F-359B707E378E}.Debug|Any CPU.ActiveCfg = Debug|Any CPU
		{A766C955-06C7-4E7A-A86F-359B707E378E}.Debug|Any CPU.Build.0 = Debug|Any CPU
		{A766C955-06C7-4E7A-A86F-359B707E378E}.Release|Any CPU.ActiveCfg = Release|Any CPU
		{A766C955-06C7-4E7A-A86F-359B707E378E}.Release|Any CPU.Build.0 = Release|Any CPU
	EndGlobalSection
	GlobalSection(SolutionProperties) = preSolution
		HideSolutionNode = FALSE
	EndGlobalSection
	GlobalSection(ExtensibilityGlobals) = postSolution
		SolutionGuid = {B9B2C387-7D98-4293-AB11-E37CEEF79F19}
	EndGlobalSection
EndGlobal
